
Microsoft Visual Studio Solution File, Format Version 12.00
# Visual Studio Version 18
VisualStudioVersion = 18.0.11217.181
MinimumVisualStudioVersion = 10.0.40219.1
Project("{FAE04EC0-301F-11D3-BF4B-00C04F79EFBC}") = "DemoClientCSharp", "DemoClientCSharp\DemoClientCSharp.csproj", "{F38064FA-45A1-1F6E-07DE-F0D1E5685C57}"
EndProject
Project("{FAE04EC0-301F-11D3-BF4B-00C04F79EFBC}") = "ATrustIdentRecord", "ATrustIdentRecord\ATrustIdentRecord.csproj", "{B2EB6EB0-491B-90F4-E850-4609C90C8DAD}"
EndProject
Global
	GlobalSection(SolutionConfigurationPlatforms) = preSolution
		Debug|Any CPU = Debug|Any CPU
		Release|Any CPU = Release|Any CPU
	EndGlobalSection
	GlobalSection(ProjectConfigurationPlatforms) = postSolution
		{F38064FA-45A1-1F6E-07DE-F0D1E5685C57}.Debug|Any CPU.ActiveCfg = Debug|Any CPU
		{F38064FA-45A1-1F6E-07DE-F0D1E5685C57}.Debug|Any CPU.Build.0 = Debug|Any CPU
		{F38064FA-45A1-1F6E-07DE-F0D1E5685C57}.Release|Any CPU.ActiveCfg = Release|Any CPU
		{F38064FA-45A1-1F6E-07DE-F0D1E5685C57}.Release|Any CPU.Build.0 = Release|Any CPU
		{B2EB6EB0-491B-90F4-E850-4609C90C8DAD}.Debug|Any CPU.ActiveCfg = Debug|Any CPU
		{B2EB6EB0-491B-90F4-E850-4609C90C8DAD}.Debug|Any CPU.Build.0 = Debug|Any CPU
		{B2EB6EB0-491B-90F4-E850-4609C90C8DAD}.Release|Any CPU.ActiveCfg = Release|Any CPU
		{B2EB6EB0-491B-90F4-E850-4609C90C8DAD}.Release|Any CPU.Build.0 = Release|Any CPU
	EndGlobalSection
	GlobalSection(SolutionProperties) = preSolution
		HideSolutionNode = FALSE
	EndGlobalSection
	GlobalSection(ExtensibilityGlobals) = postSolution
		SolutionGuid = {0FEB6591-5ACB-4B39-8193-C0D054DC3DF5}
	EndGlobalSection
EndGlobal
